
Microsoft Visual Studio Solution File, Format Version 12.00
# Visual Studio Version 17
VisualStudioVersion = 17.13.35931.197 d17.13
MinimumVisualStudioVersion = 10.0.40219.1
Project("{FAE04EC0-301F-11D3-BF4B-00C04F79EFBC}") = "kosar2004", "kosar2004\kosar2004.csproj", "{7CD28158-FA80-468E-841F-FD9C1DD3B809}"
EndProject
Project("{FAE04EC0-301F-11D3-BF4B-00C04F79EFBC}") = "kosar2004_LIB", "kosar2004_LIB\kosar2004_LIB.csproj", "{94DF96C3-FBC6-4225-9732-1055A53F9C3F}"
EndProject
Global
	GlobalSection(SolutionConfigurationPlatforms) = preSolution
		Debug|Any CPU = Debug|Any CPU
		Release|Any CPU = Release|Any CPU
	EndGlobalSection
	GlobalSection(ProjectConfigurationPlatforms) = postSolution
		{7CD28158-FA80-468E-841F-FD9C1DD3B809}.Debug|Any CPU.ActiveCfg = Debug|Any CPU
		{7CD28158-FA80-468E-841F-FD9C1DD3B809}.Debug|Any CPU.Build.0 = Debug|Any CPU
		{7CD28158-FA80-468E-841F-FD9C1DD3B809}.Release|Any CPU.ActiveCfg = Release|Any CPU
		{7CD28158-FA80-468E-841F-FD9C1DD3B809}.Release|Any CPU.Build.0 = Release|Any CPU
		{94DF96C3-FBC6-4225-9732-1055A53F9C3F}.Debug|Any CPU.ActiveCfg = Debug|Any CPU
		{94DF96C3-FBC6-4225-9732-1055A53F9C3F}.Debug|Any CPU.Build.0 = Debug|Any CPU
		{94DF96C3-FBC6-4225-9732-1055A53F9C3F}.Release|Any CPU.ActiveCfg = Release|Any CPU
		{94DF96C3-FBC6-4225-9732-1055A53F9C3F}.Release|Any CPU.Build.0 = Release|Any CPU
	EndGlobalSection
	GlobalSection(SolutionProperties) = preSolution
		HideSolutionNode = FALSE
	EndGlobalSection
	GlobalSection(ExtensibilityGlobals) = postSolution
		SolutionGuid = {E773DE85-5BCC-49EC-88AB-485C8C8D7121}
	EndGlobalSection
EndGlobal
