
Microsoft Visual Studio Solution File, Format Version 12.00
# Visual Studio Version 17
VisualStudioVersion = 17.14.36623.8 d17.14
MinimumVisualStudioVersion = 10.0.40219.1
Project("{FAE04EC0-301F-11D3-BF4B-00C04F79EFBC}") = "Viragkoteszet", "Viragkoteszet\Viragkoteszet.csproj", "{D3C000C9-CEAA-4EEA-85A2-34D3B3D5EBEB}"
EndProject
Project("{FAE04EC0-301F-11D3-BF4B-00C04F79EFBC}") = "Viragkoteszet_LIB", "Viragkoteszet_LIB\Viragkoteszet_LIB.csproj", "{C5A3FE97-0DB0-4F1F-94F1-354AB19FB631}"
EndProject
Global
	GlobalSection(SolutionConfigurationPlatforms) = preSolution
		Debug|Any CPU = Debug|Any CPU
		Release|Any CPU = Release|Any CPU
	EndGlobalSection
	GlobalSection(ProjectConfigurationPlatforms) = postSolution
		{D3C000C9-CEAA-4EEA-85A2-34D3B3D5EBEB}.Debug|Any CPU.ActiveCfg = Debug|Any CPU
		{D3C000C9-CEAA-4EEA-85A2-34D3B3D5EBEB}.Debug|Any CPU.Build.0 = Debug|Any CPU
		{D3C000C9-CEAA-4EEA-85A2-34D3B3D5EBEB}.Release|Any CPU.ActiveCfg = Release|Any CPU
		{D3C000C9-CEAA-4EEA-85A2-34D3B3D5EBEB}.Release|Any CPU.Build.0 = Release|Any CPU
		{C5A3FE97-0DB0-4F1F-94F1-354AB19FB631}.Debug|Any CPU.ActiveCfg = Debug|Any CPU
		{C5A3FE97-0DB0-4F1F-94F1-354AB19FB631}.Debug|Any CPU.Build.0 = Debug|Any CPU
		{C5A3FE97-0DB0-4F1F-94F1-354AB19FB631}.Release|Any CPU.ActiveCfg = Release|Any CPU
		{C5A3FE97-0DB0-4F1F-94F1-354AB19FB631}.Release|Any CPU.Build.0 = Release|Any CPU
	EndGlobalSection
	GlobalSection(SolutionProperties) = preSolution
		HideSolutionNode = FALSE
	EndGlobalSection
	GlobalSection(ExtensibilityGlobals) = postSolution
		SolutionGuid = {A99CCC7B-42EA-4BD6-A03B-915525731658}
	EndGlobalSection
EndGlobal
