
Microsoft Visual Studio Solution File, Format Version 12.00
# Visual Studio Version 17
VisualStudioVersion = 17.14.36623.8
MinimumVisualStudioVersion = 10.0.40219.1
Project("{FAE04EC0-301F-11D3-BF4B-00C04F79EFBC}") = "JóAlanyok_LIB", "JóAlanyok_LIB\JóAlanyok_LIB.csproj", "{7DB99252-904F-4C21-AC3B-79905836ABE0}"
EndProject
Project("{FAE04EC0-301F-11D3-BF4B-00C04F79EFBC}") = "JóAlanyok", "JóAlanyok\JóAlanyok.csproj", "{87963A12-09D3-4E07-A8DB-44F36828BB59}"
EndProject
Global
	GlobalSection(SolutionConfigurationPlatforms) = preSolution
		Debug|Any CPU = Debug|Any CPU
		Release|Any CPU = Release|Any CPU
	EndGlobalSection
	GlobalSection(ProjectConfigurationPlatforms) = postSolution
		{7DB99252-904F-4C21-AC3B-79905836ABE0}.Debug|Any CPU.ActiveCfg = Debug|Any CPU
		{7DB99252-904F-4C21-AC3B-79905836ABE0}.Debug|Any CPU.Build.0 = Debug|Any CPU
		{7DB99252-904F-4C21-AC3B-79905836ABE0}.Release|Any CPU.ActiveCfg = Release|Any CPU
		{7DB99252-904F-4C21-AC3B-79905836ABE0}.Release|Any CPU.Build.0 = Release|Any CPU
		{87963A12-09D3-4E07-A8DB-44F36828BB59}.Debug|Any CPU.ActiveCfg = Debug|Any CPU
		{87963A12-09D3-4E07-A8DB-44F36828BB59}.Debug|Any CPU.Build.0 = Debug|Any CPU
		{87963A12-09D3-4E07-A8DB-44F36828BB59}.Release|Any CPU.ActiveCfg = Release|Any CPU
		{87963A12-09D3-4E07-A8DB-44F36828BB59}.Release|Any CPU.Build.0 = Release|Any CPU
	EndGlobalSection
	GlobalSection(SolutionProperties) = preSolution
		HideSolutionNode = FALSE
	EndGlobalSection
	GlobalSection(ExtensibilityGlobals) = postSolution
		SolutionGuid = {55F55082-5A46-49E2-AEFC-A9D8BC712062}
	EndGlobalSection
EndGlobal
