
Microsoft Visual Studio Solution File, Format Version 12.00
# Visual Studio Version 17
VisualStudioVersion = 17.12.35728.132
MinimumVisualStudioVersion = 10.0.40219.1
Project("{FAE04EC0-301F-11D3-BF4B-00C04F79EFBC}") = "TicTacoToeTest", "TicTacoToe\TicTacoToeTest.csproj", "{3385658B-5DDC-4008-A555-678B0BC070B1}"
EndProject
Project("{FAE04EC0-301F-11D3-BF4B-00C04F79EFBC}") = "TicTacToe_Logic", "TicTacToe_Logic\TicTacToe_Logic.csproj", "{0D90C1DB-DE0F-494F-9F10-EBA7E4B1DE7A}"
EndProject
Global
	GlobalSection(SolutionConfigurationPlatforms) = preSolution
		Debug|Any CPU = Debug|Any CPU
		Release|Any CPU = Release|Any CPU
	EndGlobalSection
	GlobalSection(ProjectConfigurationPlatforms) = postSolution
		{3385658B-5DDC-4008-A555-678B0BC070B1}.Debug|Any CPU.ActiveCfg = Debug|Any CPU
		{3385658B-5DDC-4008-A555-678B0BC070B1}.Debug|Any CPU.Build.0 = Debug|Any CPU
		{3385658B-5DDC-4008-A555-678B0BC070B1}.Release|Any CPU.ActiveCfg = Release|Any CPU
		{3385658B-5DDC-4008-A555-678B0BC070B1}.Release|Any CPU.Build.0 = Release|Any CPU
		{0D90C1DB-DE0F-494F-9F10-EBA7E4B1DE7A}.Debug|Any CPU.ActiveCfg = Debug|Any CPU
		{0D90C1DB-DE0F-494F-9F10-EBA7E4B1DE7A}.Debug|Any CPU.Build.0 = Debug|Any CPU
		{0D90C1DB-DE0F-494F-9F10-EBA7E4B1DE7A}.Release|Any CPU.ActiveCfg = Release|Any CPU
		{0D90C1DB-DE0F-494F-9F10-EBA7E4B1DE7A}.Release|Any CPU.Build.0 = Release|Any CPU
	EndGlobalSection
	GlobalSection(SolutionProperties) = preSolution
		HideSolutionNode = FALSE
	EndGlobalSection
	GlobalSection(ExtensibilityGlobals) = postSolution
		SolutionGuid = {7EFD09A3-B481-41C9-BDFB-973C099E6AA9}
	EndGlobalSection
EndGlobal
