
Microsoft Visual Studio Solution File, Format Version 12.00
Project("{FAE04EC0-301F-11D3-BF4B-00C04F79EFBC}") = "password_console_app", "password_console_app\password_console_app.csproj", "{4DF14F4C-D9A8-4058-8211-88C544B72691}"
EndProject
Project("{FAE04EC0-301F-11D3-BF4B-00C04F79EFBC}") = "password_class_lib", "password_class_lib\password_class_lib.csproj", "{92AFF1FA-0AB4-4187-83E1-D9C99D533E98}"
EndProject
Project("{FAE04EC0-301F-11D3-BF4B-00C04F79EFBC}") = "password_unit_tests", "password_unit_tests\password_unit_tests.csproj", "{F0F92D35-6C38-4F25-A925-7E505AA026AD}"
EndProject
Global
	GlobalSection(SolutionConfigurationPlatforms) = preSolution
		Debug|Any CPU = Debug|Any CPU
		Release|Any CPU = Release|Any CPU
	EndGlobalSection
	GlobalSection(ProjectConfigurationPlatforms) = postSolution
		{4DF14F4C-D9A8-4058-8211-88C544B72691}.Debug|Any CPU.ActiveCfg = Debug|Any CPU
		{4DF14F4C-D9A8-4058-8211-88C544B72691}.Debug|Any CPU.Build.0 = Debug|Any CPU
		{4DF14F4C-D9A8-4058-8211-88C544B72691}.Release|Any CPU.ActiveCfg = Release|Any CPU
		{4DF14F4C-D9A8-4058-8211-88C544B72691}.Release|Any CPU.Build.0 = Release|Any CPU
		{92AFF1FA-0AB4-4187-83E1-D9C99D533E98}.Debug|Any CPU.ActiveCfg = Debug|Any CPU
		{92AFF1FA-0AB4-4187-83E1-D9C99D533E98}.Debug|Any CPU.Build.0 = Debug|Any CPU
		{92AFF1FA-0AB4-4187-83E1-D9C99D533E98}.Release|Any CPU.ActiveCfg = Release|Any CPU
		{92AFF1FA-0AB4-4187-83E1-D9C99D533E98}.Release|Any CPU.Build.0 = Release|Any CPU
		{F0F92D35-6C38-4F25-A925-7E505AA026AD}.Debug|Any CPU.ActiveCfg = Debug|Any CPU
		{F0F92D35-6C38-4F25-A925-7E505AA026AD}.Debug|Any CPU.Build.0 = Debug|Any CPU
		{F0F92D35-6C38-4F25-A925-7E505AA026AD}.Release|Any CPU.ActiveCfg = Release|Any CPU
		{F0F92D35-6C38-4F25-A925-7E505AA026AD}.Release|Any CPU.Build.0 = Release|Any CPU
	EndGlobalSection
EndGlobal
