
Microsoft Visual Studio Solution File, Format Version 12.00
# Visual Studio Version 17
VisualStudioVersion = 17.14.36623.8 d17.14
MinimumVisualStudioVersion = 10.0.40219.1
Project("{FAE04EC0-301F-11D3-BF4B-00C04F79EFBC}") = "Teremfoglalas", "Teremfoglalas\Teremfoglalas.csproj", "{2A6D64E5-5B41-43E5-B351-9E6C0CAD6AC1}"
EndProject
Project("{FAE04EC0-301F-11D3-BF4B-00C04F79EFBC}") = "Teremfoglalas_LIB", "Teremfoglalas_LIB\Teremfoglalas_LIB.csproj", "{7E296147-D196-47F7-A0AA-41931E3DE244}"
EndProject
Global
	GlobalSection(SolutionConfigurationPlatforms) = preSolution
		Debug|Any CPU = Debug|Any CPU
		Release|Any CPU = Release|Any CPU
	EndGlobalSection
	GlobalSection(ProjectConfigurationPlatforms) = postSolution
		{2A6D64E5-5B41-43E5-B351-9E6C0CAD6AC1}.Debug|Any CPU.ActiveCfg = Debug|Any CPU
		{2A6D64E5-5B41-43E5-B351-9E6C0CAD6AC1}.Debug|Any CPU.Build.0 = Debug|Any CPU
		{2A6D64E5-5B41-43E5-B351-9E6C0CAD6AC1}.Release|Any CPU.ActiveCfg = Release|Any CPU
		{2A6D64E5-5B41-43E5-B351-9E6C0CAD6AC1}.Release|Any CPU.Build.0 = Release|Any CPU
		{7E296147-D196-47F7-A0AA-41931E3DE244}.Debug|Any CPU.ActiveCfg = Debug|Any CPU
		{7E296147-D196-47F7-A0AA-41931E3DE244}.Debug|Any CPU.Build.0 = Debug|Any CPU
		{7E296147-D196-47F7-A0AA-41931E3DE244}.Release|Any CPU.ActiveCfg = Release|Any CPU
		{7E296147-D196-47F7-A0AA-41931E3DE244}.Release|Any CPU.Build.0 = Release|Any CPU
	EndGlobalSection
	GlobalSection(SolutionProperties) = preSolution
		HideSolutionNode = FALSE
	EndGlobalSection
	GlobalSection(ExtensibilityGlobals) = postSolution
		SolutionGuid = {D5D5AE8F-A556-4278-A21A-88F156E20545}
	EndGlobalSection
EndGlobal
