
Microsoft Visual Studio Solution File, Format Version 12.00
# Visual Studio Version 17
VisualStudioVersion = 17.11.35208.52
MinimumVisualStudioVersion = 10.0.40219.1
Project("{FAE04EC0-301F-11D3-BF4B-00C04F79EFBC}") = "Törpék feladat", "Törpék feladat\Törpék feladat.csproj", "{F6C7FBB9-9AB3-4306-B4E8-41584475E94D}"
EndProject
Project("{FAE04EC0-301F-11D3-BF4B-00C04F79EFBC}") = "Gyakorló feladat", "Gyakorló feladat\Gyakorló feladat.csproj", "{A5910A60-47BB-4010-B51A-C6E9FBA7C4C9}"
EndProject
Global
	GlobalSection(SolutionConfigurationPlatforms) = preSolution
		Debug|Any CPU = Debug|Any CPU
		Release|Any CPU = Release|Any CPU
	EndGlobalSection
	GlobalSection(ProjectConfigurationPlatforms) = postSolution
		{F6C7FBB9-9AB3-4306-B4E8-41584475E94D}.Debug|Any CPU.ActiveCfg = Debug|Any CPU
		{F6C7FBB9-9AB3-4306-B4E8-41584475E94D}.Debug|Any CPU.Build.0 = Debug|Any CPU
		{F6C7FBB9-9AB3-4306-B4E8-41584475E94D}.Release|Any CPU.ActiveCfg = Release|Any CPU
		{F6C7FBB9-9AB3-4306-B4E8-41584475E94D}.Release|Any CPU.Build.0 = Release|Any CPU
		{A5910A60-47BB-4010-B51A-C6E9FBA7C4C9}.Debug|Any CPU.ActiveCfg = Debug|Any CPU
		{A5910A60-47BB-4010-B51A-C6E9FBA7C4C9}.Debug|Any CPU.Build.0 = Debug|Any CPU
		{A5910A60-47BB-4010-B51A-C6E9FBA7C4C9}.Release|Any CPU.ActiveCfg = Release|Any CPU
		{A5910A60-47BB-4010-B51A-C6E9FBA7C4C9}.Release|Any CPU.Build.0 = Release|Any CPU
	EndGlobalSection
	GlobalSection(SolutionProperties) = preSolution
		HideSolutionNode = FALSE
	EndGlobalSection
	GlobalSection(ExtensibilityGlobals) = postSolution
		SolutionGuid = {5F9FFE6E-9FA3-4B8D-A479-84D96978CAE6}
	EndGlobalSection
EndGlobal
