
Microsoft Visual Studio Solution File, Format Version 12.00
# Visual Studio Version 17
VisualStudioVersion = 17.14.36930.0
MinimumVisualStudioVersion = 10.0.40219.1
Project("{FAE04EC0-301F-11D3-BF4B-00C04F79EFBC}") = "Celeb", "Celeb\Celeb.csproj", "{21210FC4-4B45-4F92-A654-F47FAE90B787}"
EndProject
Project("{FAE04EC0-301F-11D3-BF4B-00C04F79EFBC}") = "Celeb_LIB", "Celeb_LIB\Celeb_LIB.csproj", "{B24EB9B0-6C88-4777-9CD3-B7713F0B0B28}"
EndProject
Global
	GlobalSection(SolutionConfigurationPlatforms) = preSolution
		Debug|Any CPU = Debug|Any CPU
		Release|Any CPU = Release|Any CPU
	EndGlobalSection
	GlobalSection(ProjectConfigurationPlatforms) = postSolution
		{21210FC4-4B45-4F92-A654-F47FAE90B787}.Debug|Any CPU.ActiveCfg = Debug|Any CPU
		{21210FC4-4B45-4F92-A654-F47FAE90B787}.Debug|Any CPU.Build.0 = Debug|Any CPU
		{21210FC4-4B45-4F92-A654-F47FAE90B787}.Release|Any CPU.ActiveCfg = Release|Any CPU
		{21210FC4-4B45-4F92-A654-F47FAE90B787}.Release|Any CPU.Build.0 = Release|Any CPU
		{B24EB9B0-6C88-4777-9CD3-B7713F0B0B28}.Debug|Any CPU.ActiveCfg = Debug|Any CPU
		{B24EB9B0-6C88-4777-9CD3-B7713F0B0B28}.Debug|Any CPU.Build.0 = Debug|Any CPU
		{B24EB9B0-6C88-4777-9CD3-B7713F0B0B28}.Release|Any CPU.ActiveCfg = Release|Any CPU
		{B24EB9B0-6C88-4777-9CD3-B7713F0B0B28}.Release|Any CPU.Build.0 = Release|Any CPU
	EndGlobalSection
	GlobalSection(SolutionProperties) = preSolution
		HideSolutionNode = FALSE
	EndGlobalSection
	GlobalSection(ExtensibilityGlobals) = postSolution
		SolutionGuid = {9A1F0038-F220-4297-812B-B71D08E5B936}
	EndGlobalSection
EndGlobal
