
Microsoft Visual Studio Solution File, Format Version 12.00
# Visual Studio Version 17
VisualStudioVersion = 17.14.36511.14
MinimumVisualStudioVersion = 10.0.40219.1
Project("{FAE04EC0-301F-11D3-BF4B-00C04F79EFBC}") = "kiralyok", "kiralyok\kiralyok.csproj", "{681CF672-65C4-466E-AEA0-75E0E704BABA}"
EndProject
Project("{FAE04EC0-301F-11D3-BF4B-00C04F79EFBC}") = "kiralyok_LIB", "kiralyok_LIB\kiralyok_LIB.csproj", "{EEB2ADF8-16AA-4DDD-8DE0-97B6A080E721}"
EndProject
Global
	GlobalSection(SolutionConfigurationPlatforms) = preSolution
		Debug|Any CPU = Debug|Any CPU
		Release|Any CPU = Release|Any CPU
	EndGlobalSection
	GlobalSection(ProjectConfigurationPlatforms) = postSolution
		{681CF672-65C4-466E-AEA0-75E0E704BABA}.Debug|Any CPU.ActiveCfg = Debug|Any CPU
		{681CF672-65C4-466E-AEA0-75E0E704BABA}.Debug|Any CPU.Build.0 = Debug|Any CPU
		{681CF672-65C4-466E-AEA0-75E0E704BABA}.Release|Any CPU.ActiveCfg = Release|Any CPU
		{681CF672-65C4-466E-AEA0-75E0E704BABA}.Release|Any CPU.Build.0 = Release|Any CPU
		{EEB2ADF8-16AA-4DDD-8DE0-97B6A080E721}.Debug|Any CPU.ActiveCfg = Debug|Any CPU
		{EEB2ADF8-16AA-4DDD-8DE0-97B6A080E721}.Debug|Any CPU.Build.0 = Debug|Any CPU
		{EEB2ADF8-16AA-4DDD-8DE0-97B6A080E721}.Release|Any CPU.ActiveCfg = Release|Any CPU
		{EEB2ADF8-16AA-4DDD-8DE0-97B6A080E721}.Release|Any CPU.Build.0 = Release|Any CPU
	EndGlobalSection
	GlobalSection(SolutionProperties) = preSolution
		HideSolutionNode = FALSE
	EndGlobalSection
	GlobalSection(ExtensibilityGlobals) = postSolution
		SolutionGuid = {1D82F7C9-C922-47FB-88B7-3D6E53E48176}
	EndGlobalSection
EndGlobal
