
Microsoft Visual Studio Solution File, Format Version 12.00
# Visual Studio Version 17
VisualStudioVersion = 17.14.36623.8 d17.14
MinimumVisualStudioVersion = 10.0.40219.1
Project("{FAE04EC0-301F-11D3-BF4B-00C04F79EFBC}") = "Mikulas_Jatekgyar", "Mikulas_Jatekgyar\Mikulas_Jatekgyar.csproj", "{00644F73-9B79-4678-BAD9-3EADAE7551EB}"
EndProject
Project("{FAE04EC0-301F-11D3-BF4B-00C04F79EFBC}") = "Mikulas_Jatekgyar_LIB", "Mikulas_Jatekgyar_LIB\Mikulas_Jatekgyar_LIB.csproj", "{6EF2EF13-054D-4FFC-9F62-FAB3D805A782}"
EndProject
Global
	GlobalSection(SolutionConfigurationPlatforms) = preSolution
		Debug|Any CPU = Debug|Any CPU
		Release|Any CPU = Release|Any CPU
	EndGlobalSection
	GlobalSection(ProjectConfigurationPlatforms) = postSolution
		{00644F73-9B79-4678-BAD9-3EADAE7551EB}.Debug|Any CPU.ActiveCfg = Debug|Any CPU
		{00644F73-9B79-4678-BAD9-3EADAE7551EB}.Debug|Any CPU.Build.0 = Debug|Any CPU
		{00644F73-9B79-4678-BAD9-3EADAE7551EB}.Release|Any CPU.ActiveCfg = Release|Any CPU
		{00644F73-9B79-4678-BAD9-3EADAE7551EB}.Release|Any CPU.Build.0 = Release|Any CPU
		{6EF2EF13-054D-4FFC-9F62-FAB3D805A782}.Debug|Any CPU.ActiveCfg = Debug|Any CPU
		{6EF2EF13-054D-4FFC-9F62-FAB3D805A782}.Debug|Any CPU.Build.0 = Debug|Any CPU
		{6EF2EF13-054D-4FFC-9F62-FAB3D805A782}.Release|Any CPU.ActiveCfg = Release|Any CPU
		{6EF2EF13-054D-4FFC-9F62-FAB3D805A782}.Release|Any CPU.Build.0 = Release|Any CPU
	EndGlobalSection
	GlobalSection(SolutionProperties) = preSolution
		HideSolutionNode = FALSE
	EndGlobalSection
	GlobalSection(ExtensibilityGlobals) = postSolution
		SolutionGuid = {A715C18C-A511-420A-A39E-18307135BE19}
	EndGlobalSection
EndGlobal
