
Microsoft Visual Studio Solution File, Format Version 12.00
# Visual Studio Version 17
VisualStudioVersion = 17.14.36930.0 d17.14
MinimumVisualStudioVersion = 10.0.40219.1
Project("{FAE04EC0-301F-11D3-BF4B-00C04F79EFBC}") = "Jatek_Nyilvantartas", "Jatek_Nyilvantartas\Jatek_Nyilvantartas.csproj", "{FA115A09-81DB-4EE3-B733-728878BE4D1D}"
EndProject
Global
	GlobalSection(SolutionConfigurationPlatforms) = preSolution
		Debug|Any CPU = Debug|Any CPU
		Release|Any CPU = Release|Any CPU
	EndGlobalSection
	GlobalSection(ProjectConfigurationPlatforms) = postSolution
		{FA115A09-81DB-4EE3-B733-728878BE4D1D}.Debug|Any CPU.ActiveCfg = Debug|Any CPU
		{FA115A09-81DB-4EE3-B733-728878BE4D1D}.Debug|Any CPU.Build.0 = Debug|Any CPU
		{FA115A09-81DB-4EE3-B733-728878BE4D1D}.Release|Any CPU.ActiveCfg = Release|Any CPU
		{FA115A09-81DB-4EE3-B733-728878BE4D1D}.Release|Any CPU.Build.0 = Release|Any CPU
	EndGlobalSection
	GlobalSection(SolutionProperties) = preSolution
		HideSolutionNode = FALSE
	EndGlobalSection
	GlobalSection(ExtensibilityGlobals) = postSolution
		SolutionGuid = {BC1091E7-EAF9-4032-B473-33783D7618A1}
	EndGlobalSection
EndGlobal
