
Microsoft Visual Studio Solution File, Format Version 12.00
# Visual Studio Version 17
VisualStudioVersion = 17.7.34003.232
MinimumVisualStudioVersion = 10.0.40219.1
Project("{FAE04EC0-301F-11D3-BF4B-00C04F79EFBC}") = "Dict_Enum_HashSet_PL", "Dict_Enum_HashSet_PL\Dict_Enum_HashSet_PL.csproj", "{1FA67F15-A57B-471A-9E1C-2F6F0A0A000C}"
EndProject
Global
	GlobalSection(SolutionConfigurationPlatforms) = preSolution
		Debug|Any CPU = Debug|Any CPU
		Release|Any CPU = Release|Any CPU
	EndGlobalSection
	GlobalSection(ProjectConfigurationPlatforms) = postSolution
		{1FA67F15-A57B-471A-9E1C-2F6F0A0A000C}.Debug|Any CPU.ActiveCfg = Debug|Any CPU
		{1FA67F15-A57B-471A-9E1C-2F6F0A0A000C}.Debug|Any CPU.Build.0 = Debug|Any CPU
		{1FA67F15-A57B-471A-9E1C-2F6F0A0A000C}.Release|Any CPU.ActiveCfg = Release|Any CPU
		{1FA67F15-A57B-471A-9E1C-2F6F0A0A000C}.Release|Any CPU.Build.0 = Release|Any CPU
	EndGlobalSection
	GlobalSection(SolutionProperties) = preSolution
		HideSolutionNode = FALSE
	EndGlobalSection
	GlobalSection(ExtensibilityGlobals) = postSolution
		SolutionGuid = {B7E4936B-E6CB-4E74-9CA4-4137F498F5DB}
	EndGlobalSection
EndGlobal
