
Microsoft Visual Studio Solution File, Format Version 12.00
# Visual Studio Version 17
VisualStudioVersion = 17.6.33829.357
MinimumVisualStudioVersion = 10.0.40219.1
Project("{9A19103F-16F7-4668-BE54-9A1E7A4F7556}") = "Szeleromuvek_RBH", "Szeleromuvek_RBH\Szeleromuvek_RBH.csproj", "{941DAFA8-A2BF-4D42-BC11-4DC9CBA95CB6}"
EndProject
Project("{FAE04EC0-301F-11D3-BF4B-00C04F79EFBC}") = "Szeleromuvek_Lib", "Szeleromuvek_Lib\Szeleromuvek_Lib.csproj", "{618DF02E-9BD6-499A-BFD4-4B126D8D3D45}"
EndProject
Global
	GlobalSection(SolutionConfigurationPlatforms) = preSolution
		Debug|Any CPU = Debug|Any CPU
		Release|Any CPU = Release|Any CPU
	EndGlobalSection
	GlobalSection(ProjectConfigurationPlatforms) = postSolution
		{941DAFA8-A2BF-4D42-BC11-4DC9CBA95CB6}.Debug|Any CPU.ActiveCfg = Debug|Any CPU
		{941DAFA8-A2BF-4D42-BC11-4DC9CBA95CB6}.Debug|Any CPU.Build.0 = Debug|Any CPU
		{941DAFA8-A2BF-4D42-BC11-4DC9CBA95CB6}.Release|Any CPU.ActiveCfg = Release|Any CPU
		{941DAFA8-A2BF-4D42-BC11-4DC9CBA95CB6}.Release|Any CPU.Build.0 = Release|Any CPU
		{618DF02E-9BD6-499A-BFD4-4B126D8D3D45}.Debug|Any CPU.ActiveCfg = Debug|Any CPU
		{618DF02E-9BD6-499A-BFD4-4B126D8D3D45}.Debug|Any CPU.Build.0 = Debug|Any CPU
		{618DF02E-9BD6-499A-BFD4-4B126D8D3D45}.Release|Any CPU.ActiveCfg = Release|Any CPU
		{618DF02E-9BD6-499A-BFD4-4B126D8D3D45}.Release|Any CPU.Build.0 = Release|Any CPU
	EndGlobalSection
	GlobalSection(SolutionProperties) = preSolution
		HideSolutionNode = FALSE
	EndGlobalSection
	GlobalSection(ExtensibilityGlobals) = postSolution
		SolutionGuid = {F028DB82-8BF4-445E-97E3-A7161B8F1745}
	EndGlobalSection
EndGlobal
